// !$*UTF8*$!
{
	archiveVersion = 1;
	classes = {
	};
	objectVersion = 50;
	objects = {

/* Begin PBXBuildFile section */
		A8A250422280EC8C00DCAA9F /* AppDelegate.swift in Sources */ = {isa = PBXBuildFile; fileRef = A8A250412280EC8C00DCAA9F /* AppDelegate.swift */; };
		A8A250442280EC8C00DCAA9F /* ViewController.swift in Sources */ = {isa = PBXBuildFile; fileRef = A8A250432280EC8C00DCAA9F /* ViewController.swift */; };
		A8A250472280EC8C00DCAA9F /* Main.storyboard in Resources */ = {isa = PBXBuildFile; fileRef = A8A250452280EC8C00DCAA9F /* Main.storyboard */; };
		A8A250492280EC8F00DCAA9F /* Assets.xcassets in Resources */ = {isa = PBXBuildFile; fileRef = A8A250482280EC8F00DCAA9F /* Assets.xcassets */; };
		A8A2504C2280EC8F00DCAA9F /* LaunchScreen.storyboard in Resources */ = {isa = PBXBuildFile; fileRef = A8A2504A2280EC8F00DCAA9F /* LaunchScreen.storyboard */; };
		DB5C67541CCF23710880CD3A /* Pods_ios_native_app.framework in Frameworks */ = {isa = PBXBuildFile; fileRef = D6FFC6A7C4B399309F8E4B12 /* Pods_ios_native_app.framework */; };
/* End PBXBuildFile section */

/* Begin PBXFileReference section */
		01D8438B5BF341EB5F8551C6 /* Pods-ios_native_app.release.xcconfig */ = {isa = PBXFileReference; includeInIndex = 1; lastKnownFileType = text.xcconfig; name = "Pods-ios_native_app.release.xcconfig"; path = "Pods/Target Support Files/Pods-ios_native_app/Pods-ios_native_app.release.xcconfig"; sourceTree = "<group>"; };
		54E86EEE548BC389F2BC2E3D /* Pods-ios_native_app.debug.xcconfig */ = {isa = PBXFileReference; includeInIndex = 1; lastKnownFileType = text.xcconfig; name = "Pods-ios_native_app.debug.xcconfig"; path = "Pods/Target Support Files/Pods-ios_native_app/Pods-ios_native_app.debug.xcconfig"; sourceTree = "<group>"; };
		A8A2503E2280EC8C00DCAA9F /* ios_native_app.app */ = {isa = PBXFileReference; explicitFileType = wrapper.application; includeInIndex = 0; path = ios_native_app.app; sourceTree = BUILT_PRODUCTS_DIR; };
		A8A250412280EC8C00DCAA9F /* AppDelegate.swift */ = {isa = PBXFileReference; lastKnownFileType = sourcecode.swift; path = AppDelegate.swift; sourceTree = "<group>"; };
		A8A250432280EC8C00DCAA9F /* ViewController.swift */ = {isa = PBXFileReference; lastKnownFileType = sourcecode.swift; path = ViewController.swift; sourceTree = "<group>"; };
		A8A250462280EC8C00DCAA9F /* Base */ = {isa = PBXFileReference; lastKnownFileType = file.storyboard; name = Base; path = Base.lproj/Main.storyboard; sourceTree = "<group>"; };
		A8A250482280EC8F00DCAA9F /* Assets.xcassets */ = {isa = PBXFileReference; lastKnownFileType = folder.assetcatalog; path = Assets.xcassets; sourceTree = "<group>"; };
		A8A2504B2280EC8F00DCAA9F /* Base */ = {isa = PBXFileReference; lastKnownFileType = file.storyboard; name = Base; path = Base.lproj/LaunchScreen.storyboard; sourceTree = "<group>"; };
		A8A2504D2280EC8F00DCAA9F /* Info.plist */ = {isa = PBXFileReference; lastKnownFileType = text.plist.xml; path = Info.plist; sourceTree = "<group>"; };
		D6FFC6A7C4B399309F8E4B12 /* Pods_ios_native_app.framework */ = {isa = PBXFileReference; explicitFileType = wrapper.framework; includeInIndex = 0; path = Pods_ios_native_app.framework; sourceTree = BUILT_PRODUCTS_DIR; };
/* End PBXFileReference section */

/* Begin PBXFrameworksBuildPhase section */
		A8A2503B2280EC8C00DCAA9F /* Frameworks */ = {
			isa = PBXFrameworksBuildPhase;
			buildActionMask = 2147483647;
			files = (
				DB5C67541CCF23710880CD3A /* Pods_ios_native_app.framework in Frameworks */,
			);
			runOnlyForDeploymentPostprocessing = 0;
		};
/* End PBXFrameworksBuildPhase section */

/* Begin PBXGroup section */
		3C8B3E45D68EE0FECBEC58BB /* Pods */ = {
			isa = PBXGroup;
			children = (
				54E86EEE548BC389F2BC2E3D /* Pods-ios_native_app.debug.xcconfig */,
				01D8438B5BF341EB5F8551C6 /* Pods-ios_native_app.release.xcconfig */,
			);
			name = Pods;
			sourceTree = "<group>";
		};
		A8A250352280EC8C00DCAA9F = {
			isa = PBXGroup;
			children = (
				A8A250402280EC8C00DCAA9F /* ios_native_app */,
				A8A2503F2280EC8C00DCAA9F /* Products */,
				3C8B3E45D68EE0FECBEC58BB /* Pods */,
				B5A3FC4C42E331049D1837C4 /* Frameworks */,
			);
			sourceTree = "<group>";
		};
		A8A2503F2280EC8C00DCAA9F /* Products */ = {
			isa = PBXGroup;
			children = (
				A8A2503E2280EC8C00DCAA9F /* ios_native_app.app */,
			);
			name = Products;
			sourceTree = "<group>";
		};
		A8A250402280EC8C00DCAA9F /* ios_native_app */ = {
			isa = PBXGroup;
			children = (
				A8A250412280EC8C00DCAA9F /* AppDelegate.swift */,
				A8A250432280EC8C00DCAA9F /* ViewController.swift */,
				A8A250452280EC8C00DCAA9F /* Main.storyboard */,
				A8A250482280EC8F00DCAA9F /* Assets.xcassets */,
				A8A2504A2280EC8F00DCAA9F /* LaunchScreen.storyboard */,
				A8A2504D2280EC8F00DCAA9F /* Info.plist */,
			);
			path = ios_native_app;
			sourceTree = "<group>";
		};
		B5A3FC4C42E331049D1837C4 /* Frameworks */ = {
			isa = PBXGroup;
			children = (
				D6FFC6A7C4B399309F8E4B12 /* Pods_ios_native_app.framework */,
			);
			name = Frameworks;
			sourceTree = "<group>";
		};
/* End PBXGroup section */

/* Begin PBXNativeTarget section */
		A8A2503D2280EC8C00DCAA9F /* ios_native_app */ = {
			isa = PBXNativeTarget;
			buildConfigurationList = A8A250502280EC8F00DCAA9F /* Build configuration list for PBXNativeTarget "ios_native_app" */;
			buildPhases = (
				A8A250532280F75E00DCAA9F /* ShellScript */,
				4AC309164E5A6BB5BBBAC0B5 /* [CP] Check Pods Manifest.lock */,
				A8A2503A2280EC8C00DCAA9F /* Sources */,
				A8A2503B2280EC8C00DCAA9F /* Frameworks */,
				A8A2503C2280EC8C00DCAA9F /* Resources */,
				91BCC05AE49A0D742E68668B /* [CP] Embed Pods Frameworks */,
			);
			buildRules = (
			);
			dependencies = (
			);
			name = ios_native_app;
			productName = ios_native_app;
			productReference = A8A2503E2280EC8C00DCAA9F /* ios_native_app.app */;
			productType = "com.apple.product-type.application";
		};
/* End PBXNativeTarget section */

/* Begin PBXProject section */
		A8A250362280EC8C00DCAA9F /* Project object */ = {
			isa = PBXProject;
			attributes = {
				LastSwiftUpdateCheck = 1010;
				LastUpgradeCheck = 1010;
				ORGANIZATIONNAME = orz.ludy.su;
				TargetAttributes = {
					A8A2503D2280EC8C00DCAA9F = {
						CreatedOnToolsVersion = 10.1;
					};
				};
			};
			buildConfigurationList = A8A250392280EC8C00DCAA9F /* Build configuration list for PBXProject "ios_native_app" */;
			compatibilityVersion = "Xcode 9.3";
			developmentRegion = en;
			hasScannedForEncodings = 0;
			knownRegions = (
				en,
				Base,
			);
			mainGroup = A8A250352280EC8C00DCAA9F;
			productRefGroup = A8A2503F2280EC8C00DCAA9F /* Products */;
			projectDirPath = "";
			projectRoot = "";
			targets = (
				A8A2503D2280EC8C00DCAA9F /* ios_native_app */,
			);
		};
/* End PBXProject section */

/* Begin PBXResourcesBuildPhase section */
		A8A2503C2280EC8C00DCAA9F /* Resources */ = {
			isa = PBXResourcesBuildPhase;
			buildActionMask = 2147483647;
			files = (
				A8A2504C2280EC8F00DCAA9F /* LaunchScreen.storyboard in Resources */,
				A8A250492280EC8F00DCAA9F /* Assets.xcassets in Resources */,
				A8A250472280EC8C00DCAA9F /* Main.storyboard in Resources */,
			);
			runOnlyForDeploymentPostprocessing = 0;
		};
/* End PBXResourcesBuildPhase section */

/* Begin PBXShellScriptBuildPhase section */
		4AC309164E5A6BB5BBBAC0B5 /* [CP] Check Pods Manifest.lock */ = {
			isa = PBXShellScriptBuildPhase;
			buildActionMask = 2147483647;
			files = (
			);
			inputFileListPaths = (
			);
			inputPaths = (
				"${PODS_PODFILE_DIR_PATH}/Podfile.lock",
				"${PODS_ROOT}/Manifest.lock",
			);
			name = "[CP] Check Pods Manifest.lock";
			outputFileListPaths = (
			);
			outputPaths = (
				"$(DERIVED_FILE_DIR)/Pods-ios_native_app-checkManifestLockResult.txt",
			);
			runOnlyForDeploymentPostprocessing = 0;
			shellPath = /bin/sh;
			shellScript = "diff \"${PODS_PODFILE_DIR_PATH}/Podfile.lock\" \"${PODS_ROOT}/Manifest.lock\" > /dev/null\nif [ $? != 0 ] ; then\n    # print error to STDERR\n    echo \"error: The sandbox is not in sync with the Podfile.lock. Run 'pod install' or update your CocoaPods installation.\" >&2\n    exit 1\nfi\n# This output is used by Xcode 'outputs' to avoid re-running this script phase.\necho \"SUCCESS\" > \"${SCRIPT_OUTPUT_FILE_0}\"\n";
			showEnvVarsInLog = 0;
		};
		91BCC05AE49A0D742E68668B /* [CP] Embed Pods Frameworks */ = {
			isa = PBXShellScriptBuildPhase;
			buildActionMask = 2147483647;
			files = (
			);
			inputFileListPaths = (
			);
			inputPaths = (
				"${SRCROOT}/Pods/Target Support Files/Pods-ios_native_app/Pods-ios_native_app-frameworks.sh",
				"${PODS_ROOT}/../../flutter_common_module/.ios/Flutter/engine/Flutter.framework",
				"${BUILT_PRODUCTS_DIR}/FlutterPluginRegistrant/FlutterPluginRegistrant.framework",
			);
			name = "[CP] Embed Pods Frameworks";
			outputFileListPaths = (
			);
			outputPaths = (
				"${TARGET_BUILD_DIR}/${FRAMEWORKS_FOLDER_PATH}/Flutter.framework",
				"${TARGET_BUILD_DIR}/${FRAMEWORKS_FOLDER_PATH}/FlutterPluginRegistrant.framework",
			);
			runOnlyForDeploymentPostprocessing = 0;
			shellPath = /bin/sh;
			shellScript = "\"${SRCROOT}/Pods/Target Support Files/Pods-ios_native_app/Pods-ios_native_app-frameworks.sh\"\n";
			showEnvVarsInLog = 0;
		};
		A8A250532280F75E00DCAA9F /* ShellScript */ = {
			isa = PBXShellScriptBuildPhase;
			buildActionMask = 2147483647;
			files = (
			);
			inputFileListPaths = (
			);
			inputPaths = (
			);
			outputFileListPaths = (
			);
			outputPaths = (
			);
			runOnlyForDeploymentPostprocessing = 0;
			shellPath = /bin/sh;
			shellScript = "# Type a script or drag a script file from your workspace to insert its path.\n\"$FLUTTER_ROOT/packages/flutter_tools/bin/xcode_backend.sh\" build\n\"$FLUTTER_ROOT/packages/flutter_tools/bin/xcode_backend.sh\" embed\n";
		};
/* End PBXShellScriptBuildPhase section */

/* Begin PBXSourcesBuildPhase section */
		A8A2503A2280EC8C00DCAA9F /* Sources */ = {
			isa = PBXSourcesBuildPhase;
			buildActionMask = 2147483647;
			files = (
				A8A250442280EC8C00DCAA9F /* ViewController.swift in Sources */,
				A8A250422280EC8C00DCAA9F /* AppDelegate.swift in Sources */,
			);
			runOnlyForDeploymentPostprocessing = 0;
		};
/* End PBXSourcesBuildPhase section */

/* Begin PBXVariantGroup section */
		A8A250452280EC8C00DCAA9F /* Main.storyboard */ = {
			isa = PBXVariantGroup;
			children = (
				A8A250462280EC8C00DCAA9F /* Base */,
			);
			name = Main.storyboard;
			sourceTree = "<group>";
		};
		A8A2504A2280EC8F00DCAA9F /* LaunchScreen.storyboard */ = {
			isa = PBXVariantGroup;
			children = (
				A8A2504B2280EC8F00DCAA9F /* Base */,
			);
			name = LaunchScreen.storyboard;
			sourceTree = "<group>";
		};
/* End PBXVariantGroup section */

/* Begin XCBuildConfiguration section */
		A8A2504E2280EC8F00DCAA9F /* Debug */ = {
			isa = XCBuildConfiguration;
			buildSettings = {
				ALWAYS_SEARCH_USER_PATHS = NO;
				CLANG_ANALYZER_NONNULL = YES;
				CLANG_ANALYZER_NUMBER_OBJECT_CONVERSION = YES_AGGRESSIVE;
				CLANG_CXX_LANGUAGE_STANDARD = "gnu++14";
				CLANG_CXX_LIBRARY = "libc++";
				CLANG_ENABLE_MODULES = YES;
				CLANG_ENABLE_OBJC_ARC = YES;
				CLANG_ENABLE_OBJC_WEAK = YES;
				CLANG_WARN_BLOCK_CAPTURE_AUTORELEASING = YES;
				CLANG_WARN_BOOL_CONVERSION = YES;
				CLANG_WARN_COMMA = YES;
				CLANG_WARN_CONSTANT_CONVERSION = YES;
				CLANG_WARN_DEPRECATED_OBJC_IMPLEMENTATIONS = YES;
				CLANG_WARN_DIRECT_OBJC_ISA_USAGE = YES_ERROR;
				CLANG_WARN_DOCUMENTATION_COMMENTS = YES;
				CLANG_WARN_EMPTY_BODY = YES;
				CLANG_WARN_ENUM_CONVERSION = YES;
				CLANG_WARN_INFINITE_RECURSION = YES;
				CLANG_WARN_INT_CONVERSION = YES;
				CLANG_WARN_NON_LITERAL_NULL_CONVERSION = YES;
				CLANG_WARN_OBJC_IMPLICIT_RETAIN_SELF = YES;
				CLANG_WARN_OBJC_LITERAL_CONVERSION = YES;
				CLANG_WARN_OBJC_ROOT_CLASS = YES_ERROR;
				CLANG_WARN_RANGE_LOOP_ANALYSIS = YES;
				CLANG_WARN_STRICT_PROTOTYPES = YES;
				CLANG_WARN_SUSPICIOUS_MOVE = YES;
				CLANG_WARN_UNGUARDED_AVAILABILITY = YES_AGGRESSIVE;
				CLANG_WARN_UNREACHABLE_CODE = YES;
				CLANG_WARN__DUPLICATE_METHOD_MATCH = YES;
				CODE_SIGN_IDENTITY = "iPhone Developer";
				COPY_PHASE_STRIP = NO;
				DEBUG_INFORMATION_FORMAT = dwarf;
				ENABLE_STRICT_OBJC_MSGSEND = YES;
				ENABLE_TESTABILITY = YES;
				GCC_C_LANGUAGE_STANDARD = gnu11;
				GCC_DYNAMIC_NO_PIC = NO;
				GCC_NO_COMMON_BLOCKS = YES;
				GCC_OPTIMIZATION_LEVEL = 0;
				GCC_PREPROCESSOR_DEFINITIONS = (
					"DEBUG=1",
					"$(inherited)",
				);
				GCC_WARN_64_TO_32_BIT_CONVERSION = YES;
				GCC_WARN_ABOUT_RETURN_TYPE = YES_ERROR;
				GCC_WARN_UNDECLARED_SELECTOR = YES;
				GCC_WARN_UNINITIALIZED_AUTOS = YES_AGGRESSIVE;
				GCC_WARN_UNUSED_FUNCTION = YES;
				GCC_WARN_UNUSED_VARIABLE = YES;
				IPHONEOS_DEPLOYMENT_TARGET = 12.1;
				MTL_ENABLE_DEBUG_INFO = INCLUDE_SOURCE;
				MTL_FAST_MATH = YES;
				ONLY_ACTIVE_ARCH = YES;
				SDKROOT = iphoneos;
				SWIFT_ACTIVE_COMPILATION_CONDITIONS = DEBUG;
				SWIFT_OPTIMIZATION_LEVEL = "-Onone";
			};
			name = Debug;
		};
		A8A2504F2280EC8F00DCAA9F /* Release */ = {
			isa = XCBuildConfiguration;
			buildSettings = {
				ALWAYS_SEARCH_USER_PATHS = NO;
				CLANG_ANALYZER_NONNULL = YES;
				CLANG_ANALYZER_NUMBER_OBJECT_CONVERSION = YES_AGGRESSIVE;
				CLANG_CXX_LANGUAGE_STANDARD = "gnu++14";
				CLANG_CXX_LIBRARY = "libc++";
				CLANG_ENABLE_MODULES = YES;
				CLANG_ENABLE_OBJC_ARC = YES;
				CLANG_ENABLE_OBJC_WEAK = YES;
				CLANG_WARN_BLOCK_CAPTURE_AUTORELEASING = YES;
				CLANG_WARN_BOOL_CONVERSION = YES;
				CLANG_WARN_COMMA = YES;
				CLANG_WARN_CONSTANT_CONVERSION = YES;
				CLANG_WARN_DEPRECATED_OBJC_IMPLEMENTATIONS = YES;
				CLANG_WARN_DIRECT_OBJC_ISA_USAGE = YES_ERROR;
				CLANG_WARN_DOCUMENTATION_COMMENTS = YES;
				CLANG_WARN_EMPTY_BODY = YES;
				CLANG_WARN_ENUM_CONVERSION = YES;
				CLANG_WARN_INFINITE_RECURSION = YES;
				CLANG_WARN_INT_CONVERSION = YES;
				CLANG_WARN_NON_LITERAL_NULL_CONVERSION = YES;
				CLANG_WARN_OBJC_IMPLICIT_RETAIN_SELF = YES;
				CLANG_WARN_OBJC_LITERAL_CONVERSION = YES;
				CLANG_WARN_OBJC_ROOT_CLASS = YES_ERROR;
				CLANG_WARN_RANGE_LOOP_ANALYSIS = YES;
				CLANG_WARN_STRICT_PROTOTYPES = YES;
				CLANG_WARN_SUSPICIOUS_MOVE = YES;
				CLANG_WARN_UNGUARDED_AVAILABILITY = YES_AGGRESSIVE;
				CLANG_WARN_UNREACHABLE_CODE = YES;
				CLANG_WARN__DUPLICATE_METHOD_MATCH = YES;
				CODE_SIGN_IDENTITY = "iPhone Developer";
				COPY_PHASE_STRIP = NO;
				DEBUG_INFORMATION_FORMAT = "dwarf-with-dsym";
				ENABLE_NS_ASSERTIONS = NO;
				ENABLE_STRICT_OBJC_MSGSEND = YES;
				GCC_C_LANGUAGE_STANDARD = gnu11;
				GCC_NO_COMMON_BLOCKS = YES;
				GCC_WARN_64_TO_32_BIT_CONVERSION = YES;
				GCC_WARN_ABOUT_RETURN_TYPE = YES_ERROR;
				GCC_WARN_UNDECLARED_SELECTOR = YES;
				GCC_WARN_UNINITIALIZED_AUTOS = YES_AGGRESSIVE;
				GCC_WARN_UNUSED_FUNCTION = YES;
				GCC_WARN_UNUSED_VARIABLE = YES;
				IPHONEOS_DEPLOYMENT_TARGET = 12.1;
				MTL_ENABLE_DEBUG_INFO = NO;
				MTL_FAST_MATH = YES;
				SDKROOT = iphoneos;
				SWIFT_COMPILATION_MODE = wholemodule;
				SWIFT_OPTIMIZATION_LEVEL = "-O";
				VALIDATE_PRODUCT = YES;
			};
			name = Release;
		};
		A8A250512280EC8F00DCAA9F /* Debug */ = {
			isa = XCBuildConfiguration;
			baseConfigurationReference = 54E86EEE548BC389F2BC2E3D /* Pods-ios_native_app.debug.xcconfig */;
			buildSettings = {
				ASSETCATALOG_COMPILER_APPICON_NAME = AppIcon;
				CODE_SIGN_STYLE = Automatic;
				INFOPLIST_FILE = ios_native_app/Info.plist;
				IPHONEOS_DEPLOYMENT_TARGET = 10.0;
				LD_RUNPATH_SEARCH_PATHS = (
					"$(inherited)",
					"@executable_path/Frameworks",
				);
				PRODUCT_BUNDLE_IDENTIFIER = "orz.ludy.su.ios-native-app";
				PRODUCT_NAME = "$(TARGET_NAME)";
				SWIFT_VERSION = 4.2;
				TARGETED_DEVICE_FAMILY = "1,2";
			};
			name = Debug;
		};
		A8A250522280EC8F00DCAA9F /* Release */ = {
			isa = XCBuildConfiguration;
			baseConfigurationReference = 01D8438B5BF341EB5F8551C6 /* Pods-ios_native_app.release.xcconfig */;
			buildSettings = {
				ASSETCATALOG_COMPILER_APPICON_NAME = AppIcon;
				CODE_SIGN_STYLE = Automatic;
				INFOPLIST_FILE = ios_native_app/Info.plist;
				IPHONEOS_DEPLOYMENT_TARGET = 10.0;
				LD_RUNPATH_SEARCH_PATHS = (
					"$(inherited)",
					"@executable_path/Frameworks",
				);
				PRODUCT_BUNDLE_IDENTIFIER = "orz.ludy.su.ios-native-app";
				PRODUCT_NAME = "$(TARGET_NAME)";
				SWIFT_VERSION = 4.2;
				TARGETED_DEVICE_FAMILY = "1,2";
			};
			name = Release;
		};
/* End XCBuildConfiguration section */

/* Begin XCConfigurationList section */
		A8A250392280EC8C00DCAA9F /* Build configuration list for PBXProject "ios_native_app" */ = {
			isa = XCConfigurationList;
			buildConfigurations = (
				A8A2504E2280EC8F00DCAA9F /* Debug */,
				A8A2504F2280EC8F00DCAA9F /* Release */,
			);
			defaultConfigurationIsVisible = 0;
			defaultConfigurationName = Release;
		};
		A8A250502280EC8F00DCAA9F /* Build configuration list for PBXNativeTarget "ios_native_app" */ = {
			isa = XCConfigurationList;
			buildConfigurations = (
				A8A250512280EC8F00DCAA9F /* Debug */,
				A8A250522280EC8F00DCAA9F /* Release */,
			);
			defaultConfigurationIsVisible = 0;
			defaultConfigurationName = Release;
		};
/* End XCConfigurationList section */
	};
	rootObject = A8A250362280EC8C00DCAA9F /* Project object */;
}
