// !$*UTF8*$!
{
	archiveVersion = 1;
	classes = {
	};
	objectVersion = 51;
	objects = {

/* Begin PBXBuildFile section */
		8E22C1CEBE2CB02FFFA5CBD6 /* Pods_ios_native_app.framework in Frameworks */ = {isa = PBXBuildFile; fileRef = 64A908E7C86BA79A016BE88C /* Pods_ios_native_app.framework */; };
		A8ABD6D9238248AB00FEFDBC /* AppDelegate.swift in Sources */ = {isa = PBXBuildFile; fileRef = A8ABD6D8238248AB00FEFDBC /* AppDelegate.swift */; };
		A8ABD6E0238248AB00FEFDBC /* Main.storyboard in Resources */ = {isa = PBXBuildFile; fileRef = A8ABD6DE238248AB00FEFDBC /* Main.storyboard */; };
		A8ABD6E2238248AC00FEFDBC /* Assets.xcassets in Resources */ = {isa = PBXBuildFile; fileRef = A8ABD6E1238248AC00FEFDBC /* Assets.xcassets */; };
		A8ABD6E5238248AC00FEFDBC /* LaunchScreen.storyboard in Resources */ = {isa = PBXBuildFile; fileRef = A8ABD6E3238248AC00FEFDBC /* LaunchScreen.storyboard */; };
		A8ABD6ED23824A7A00FEFDBC /* FlutterHostViewController.swift in Sources */ = {isa = PBXBuildFile; fileRef = A8ABD6EC23824A7A00FEFDBC /* FlutterHostViewController.swift */; };
/* End PBXBuildFile section */

/* Begin PBXFileReference section */
		64A908E7C86BA79A016BE88C /* Pods_ios_native_app.framework */ = {isa = PBXFileReference; explicitFileType = wrapper.framework; includeInIndex = 0; path = Pods_ios_native_app.framework; sourceTree = BUILT_PRODUCTS_DIR; };
		6C3BFE16DD8B81F0BCDC386E /* Pods-ios_native_app.release.xcconfig */ = {isa = PBXFileReference; includeInIndex = 1; lastKnownFileType = text.xcconfig; name = "Pods-ios_native_app.release.xcconfig"; path = "Target Support Files/Pods-ios_native_app/Pods-ios_native_app.release.xcconfig"; sourceTree = "<group>"; };
		A8ABD6D5238248AB00FEFDBC /* ios_native_app.app */ = {isa = PBXFileReference; explicitFileType = wrapper.application; includeInIndex = 0; path = ios_native_app.app; sourceTree = BUILT_PRODUCTS_DIR; };
		A8ABD6D8238248AB00FEFDBC /* AppDelegate.swift */ = {isa = PBXFileReference; lastKnownFileType = sourcecode.swift; path = AppDelegate.swift; sourceTree = "<group>"; };
		A8ABD6DF238248AB00FEFDBC /* Base */ = {isa = PBXFileReference; lastKnownFileType = file.storyboard; name = Base; path = Base.lproj/Main.storyboard; sourceTree = "<group>"; };
		A8ABD6E1238248AC00FEFDBC /* Assets.xcassets */ = {isa = PBXFileReference; lastKnownFileType = folder.assetcatalog; path = Assets.xcassets; sourceTree = "<group>"; };
		A8ABD6E4238248AC00FEFDBC /* Base */ = {isa = PBXFileReference; lastKnownFileType = file.storyboard; name = Base; path = Base.lproj/LaunchScreen.storyboard; sourceTree = "<group>"; };
		A8ABD6E6238248AC00FEFDBC /* Info.plist */ = {isa = PBXFileReference; lastKnownFileType = text.plist.xml; path = Info.plist; sourceTree = "<group>"; };
		A8ABD6EC23824A7A00FEFDBC /* FlutterHostViewController.swift */ = {isa = PBXFileReference; fileEncoding = 4; lastKnownFileType = sourcecode.swift; path = FlutterHostViewController.swift; sourceTree = "<group>"; };
		DE44E877DB2EEC19B252809B /* Pods-ios_native_app.debug.xcconfig */ = {isa = PBXFileReference; includeInIndex = 1; lastKnownFileType = text.xcconfig; name = "Pods-ios_native_app.debug.xcconfig"; path = "Target Support Files/Pods-ios_native_app/Pods-ios_native_app.debug.xcconfig"; sourceTree = "<group>"; };
/* End PBXFileReference section */

/* Begin PBXFrameworksBuildPhase section */
		A8ABD6D2238248AB00FEFDBC /* Frameworks */ = {
			isa = PBXFrameworksBuildPhase;
			buildActionMask = 2147483647;
			files = (
				8E22C1CEBE2CB02FFFA5CBD6 /* Pods_ios_native_app.framework in Frameworks */,
			);
			runOnlyForDeploymentPostprocessing = 0;
		};
/* End PBXFrameworksBuildPhase section */

/* Begin PBXGroup section */
		0C07580C8CB15D62C0E19AC7 /* Pods */ = {
			isa = PBXGroup;
			children = (
				DE44E877DB2EEC19B252809B /* Pods-ios_native_app.debug.xcconfig */,
				6C3BFE16DD8B81F0BCDC386E /* Pods-ios_native_app.release.xcconfig */,
			);
			path = Pods;
			sourceTree = "<group>";
		};
		815F6DB2FC724A2280E9132B /* Frameworks */ = {
			isa = PBXGroup;
			children = (
				64A908E7C86BA79A016BE88C /* Pods_ios_native_app.framework */,
			);
			name = Frameworks;
			sourceTree = "<group>";
		};
		A8ABD6CC238248AB00FEFDBC = {
			isa = PBXGroup;
			children = (
				A8ABD6D7238248AB00FEFDBC /* ios_native_app */,
				A8ABD6D6238248AB00FEFDBC /* Products */,
				0C07580C8CB15D62C0E19AC7 /* Pods */,
				815F6DB2FC724A2280E9132B /* Frameworks */,
			);
			sourceTree = "<group>";
		};
		A8ABD6D6238248AB00FEFDBC /* Products */ = {
			isa = PBXGroup;
			children = (
				A8ABD6D5238248AB00FEFDBC /* ios_native_app.app */,
			);
			name = Products;
			sourceTree = "<group>";
		};
		A8ABD6D7238248AB00FEFDBC /* ios_native_app */ = {
			isa = PBXGroup;
			children = (
				A8ABD6EC23824A7A00FEFDBC /* FlutterHostViewController.swift */,
				A8ABD6D8238248AB00FEFDBC /* AppDelegate.swift */,
				A8ABD6DE238248AB00FEFDBC /* Main.storyboard */,
				A8ABD6E1238248AC00FEFDBC /* Assets.xcassets */,
				A8ABD6E3238248AC00FEFDBC /* LaunchScreen.storyboard */,
				A8ABD6E6238248AC00FEFDBC /* Info.plist */,
			);
			path = ios_native_app;
			sourceTree = "<group>";
		};
/* End PBXGroup section */

/* Begin PBXNativeTarget section */
		A8ABD6D4238248AB00FEFDBC /* ios_native_app */ = {
			isa = PBXNativeTarget;
			buildConfigurationList = A8ABD6E9238248AC00FEFDBC /* Build configuration list for PBXNativeTarget "ios_native_app" */;
			buildPhases = (
				2B77B28DEAFABAEDF7DAC5B7 /* [CP] Check Pods Manifest.lock */,
				D6BFDA69EFA4DB1887B4F131 /* [CP-User] Run Flutter Build Script */,
				A8ABD6D1238248AB00FEFDBC /* Sources */,
				A8ABD6D2238248AB00FEFDBC /* Frameworks */,
				A8ABD6D3238248AB00FEFDBC /* Resources */,
				0DA400E92F37CD6603F9D863 /* [CP] Embed Pods Frameworks */,
			);
			buildRules = (
			);
			dependencies = (
			);
			name = ios_native_app;
			productName = ios_native_app;
			productReference = A8ABD6D5238248AB00FEFDBC /* ios_native_app.app */;
			productType = "com.apple.product-type.application";
		};
/* End PBXNativeTarget section */

/* Begin PBXProject section */
		A8ABD6CD238248AB00FEFDBC /* Project object */ = {
			isa = PBXProject;
			attributes = {
				LastSwiftUpdateCheck = 1110;
				LastUpgradeCheck = 1110;
				ORGANIZATIONNAME = orz.ludy.su;
				TargetAttributes = {
					A8ABD6D4238248AB00FEFDBC = {
						CreatedOnToolsVersion = 11.1;
					};
				};
			};
			buildConfigurationList = A8ABD6D0238248AB00FEFDBC /* Build configuration list for PBXProject "ios_native_app" */;
			compatibilityVersion = "Xcode 9.3";
			developmentRegion = en;
			hasScannedForEncodings = 0;
			knownRegions = (
				en,
				Base,
			);
			mainGroup = A8ABD6CC238248AB00FEFDBC;
			productRefGroup = A8ABD6D6238248AB00FEFDBC /* Products */;
			projectDirPath = "";
			projectRoot = "";
			targets = (
				A8ABD6D4238248AB00FEFDBC /* ios_native_app */,
			);
		};
/* End PBXProject section */

/* Begin PBXResourcesBuildPhase section */
		A8ABD6D3238248AB00FEFDBC /* Resources */ = {
			isa = PBXResourcesBuildPhase;
			buildActionMask = 2147483647;
			files = (
				A8ABD6E5238248AC00FEFDBC /* LaunchScreen.storyboard in Resources */,
				A8ABD6E2238248AC00FEFDBC /* Assets.xcassets in Resources */,
				A8ABD6E0238248AB00FEFDBC /* Main.storyboard in Resources */,
			);
			runOnlyForDeploymentPostprocessing = 0;
		};
/* End PBXResourcesBuildPhase section */

/* Begin PBXShellScriptBuildPhase section */
		0DA400E92F37CD6603F9D863 /* [CP] Embed Pods Frameworks */ = {
			isa = PBXShellScriptBuildPhase;
			buildActionMask = 2147483647;
			files = (
			);
			inputFileListPaths = (
				"${PODS_ROOT}/Target Support Files/Pods-ios_native_app/Pods-ios_native_app-frameworks-${CONFIGURATION}-input-files.xcfilelist",
			);
			name = "[CP] Embed Pods Frameworks";
			outputFileListPaths = (
				"${PODS_ROOT}/Target Support Files/Pods-ios_native_app/Pods-ios_native_app-frameworks-${CONFIGURATION}-output-files.xcfilelist",
			);
			runOnlyForDeploymentPostprocessing = 0;
			shellPath = /bin/sh;
			shellScript = "\"${PODS_ROOT}/Target Support Files/Pods-ios_native_app/Pods-ios_native_app-frameworks.sh\"\n";
			showEnvVarsInLog = 0;
		};
		2B77B28DEAFABAEDF7DAC5B7 /* [CP] Check Pods Manifest.lock */ = {
			isa = PBXShellScriptBuildPhase;
			buildActionMask = 2147483647;
			files = (
			);
			inputFileListPaths = (
			);
			inputPaths = (
				"${PODS_PODFILE_DIR_PATH}/Podfile.lock",
				"${PODS_ROOT}/Manifest.lock",
			);
			name = "[CP] Check Pods Manifest.lock";
			outputFileListPaths = (
			);
			outputPaths = (
				"$(DERIVED_FILE_DIR)/Pods-ios_native_app-checkManifestLockResult.txt",
			);
			runOnlyForDeploymentPostprocessing = 0;
			shellPath = /bin/sh;
			shellScript = "diff \"${PODS_PODFILE_DIR_PATH}/Podfile.lock\" \"${PODS_ROOT}/Manifest.lock\" > /dev/null\nif [ $? != 0 ] ; then\n    # print error to STDERR\n    echo \"error: The sandbox is not in sync with the Podfile.lock. Run 'pod install' or update your CocoaPods installation.\" >&2\n    exit 1\nfi\n# This output is used by Xcode 'outputs' to avoid re-running this script phase.\necho \"SUCCESS\" > \"${SCRIPT_OUTPUT_FILE_0}\"\n";
			showEnvVarsInLog = 0;
		};
		D6BFDA69EFA4DB1887B4F131 /* [CP-User] Run Flutter Build Script */ = {
			isa = PBXShellScriptBuildPhase;
			buildActionMask = 2147483647;
			files = (
			);
			inputPaths = (
				"${SRCROOT}/../flutter_common_module/.metadata",
				"${SRCROOT}/../flutter_common_module/.ios/Flutter/App.framework/App",
				"${SRCROOT}/../flutter_common_module/.ios/Flutter/engine/Flutter.framework/Flutter",
				"${SRCROOT}/../flutter_common_module/.ios/Flutter/flutter_export_environment.sh",
			);
			name = "[CP-User] Run Flutter Build Script";
			runOnlyForDeploymentPostprocessing = 0;
			shellPath = /bin/sh;
			shellScript = "set -e\nset -u\nsource \"${SRCROOT}/../flutter_common_module/.ios/Flutter/flutter_export_environment.sh\"\n\"$FLUTTER_ROOT\"/packages/flutter_tools/bin/xcode_backend.sh build";
		};
/* End PBXShellScriptBuildPhase section */

/* Begin PBXSourcesBuildPhase section */
		A8ABD6D1238248AB00FEFDBC /* Sources */ = {
			isa = PBXSourcesBuildPhase;
			buildActionMask = 2147483647;
			files = (
				A8ABD6D9238248AB00FEFDBC /* AppDelegate.swift in Sources */,
				A8ABD6ED23824A7A00FEFDBC /* FlutterHostViewController.swift in Sources */,
			);
			runOnlyForDeploymentPostprocessing = 0;
		};
/* End PBXSourcesBuildPhase section */

/* Begin PBXVariantGroup section */
		A8ABD6DE238248AB00FEFDBC /* Main.storyboard */ = {
			isa = PBXVariantGroup;
			children = (
				A8ABD6DF238248AB00FEFDBC /* Base */,
			);
			name = Main.storyboard;
			sourceTree = "<group>";
		};
		A8ABD6E3238248AC00FEFDBC /* LaunchScreen.storyboard */ = {
			isa = PBXVariantGroup;
			children = (
				A8ABD6E4238248AC00FEFDBC /* Base */,
			);
			name = LaunchScreen.storyboard;
			sourceTree = "<group>";
		};
/* End PBXVariantGroup section */

/* Begin XCBuildConfiguration section */
		A8ABD6E7238248AC00FEFDBC /* Debug */ = {
			isa = XCBuildConfiguration;
			buildSettings = {
				ALWAYS_SEARCH_USER_PATHS = NO;
				CLANG_ANALYZER_NONNULL = YES;
				CLANG_ANALYZER_NUMBER_OBJECT_CONVERSION = YES_AGGRESSIVE;
				CLANG_CXX_LANGUAGE_STANDARD = "gnu++14";
				CLANG_CXX_LIBRARY = "libc++";
				CLANG_ENABLE_MODULES = YES;
				CLANG_ENABLE_OBJC_ARC = YES;
				CLANG_ENABLE_OBJC_WEAK = YES;
				CLANG_WARN_BLOCK_CAPTURE_AUTORELEASING = YES;
				CLANG_WARN_BOOL_CONVERSION = YES;
				CLANG_WARN_COMMA = YES;
				CLANG_WARN_CONSTANT_CONVERSION = YES;
				CLANG_WARN_DEPRECATED_OBJC_IMPLEMENTATIONS = YES;
				CLANG_WARN_DIRECT_OBJC_ISA_USAGE = YES_ERROR;
				CLANG_WARN_DOCUMENTATION_COMMENTS = YES;
				CLANG_WARN_EMPTY_BODY = YES;
				CLANG_WARN_ENUM_CONVERSION = YES;
				CLANG_WARN_INFINITE_RECURSION = YES;
				CLANG_WARN_INT_CONVERSION = YES;
				CLANG_WARN_NON_LITERAL_NULL_CONVERSION = YES;
				CLANG_WARN_OBJC_IMPLICIT_RETAIN_SELF = YES;
				CLANG_WARN_OBJC_LITERAL_CONVERSION = YES;
				CLANG_WARN_OBJC_ROOT_CLASS = YES_ERROR;
				CLANG_WARN_RANGE_LOOP_ANALYSIS = YES;
				CLANG_WARN_STRICT_PROTOTYPES = YES;
				CLANG_WARN_SUSPICIOUS_MOVE = YES;
				CLANG_WARN_UNGUARDED_AVAILABILITY = YES_AGGRESSIVE;
				CLANG_WARN_UNREACHABLE_CODE = YES;
				CLANG_WARN__DUPLICATE_METHOD_MATCH = YES;
				COPY_PHASE_STRIP = NO;
				DEBUG_INFORMATION_FORMAT = dwarf;
				ENABLE_STRICT_OBJC_MSGSEND = YES;
				ENABLE_TESTABILITY = YES;
				GCC_C_LANGUAGE_STANDARD = gnu11;
				GCC_DYNAMIC_NO_PIC = NO;
				GCC_NO_COMMON_BLOCKS = YES;
				GCC_OPTIMIZATION_LEVEL = 0;
				GCC_PREPROCESSOR_DEFINITIONS = (
					"DEBUG=1",
					"$(inherited)",
				);
				GCC_WARN_64_TO_32_BIT_CONVERSION = YES;
				GCC_WARN_ABOUT_RETURN_TYPE = YES_ERROR;
				GCC_WARN_UNDECLARED_SELECTOR = YES;
				GCC_WARN_UNINITIALIZED_AUTOS = YES_AGGRESSIVE;
				GCC_WARN_UNUSED_FUNCTION = YES;
				GCC_WARN_UNUSED_VARIABLE = YES;
				IPHONEOS_DEPLOYMENT_TARGET = 13.1;
				MTL_ENABLE_DEBUG_INFO = INCLUDE_SOURCE;
				MTL_FAST_MATH = YES;
				ONLY_ACTIVE_ARCH = YES;
				SDKROOT = iphoneos;
				SWIFT_ACTIVE_COMPILATION_CONDITIONS = DEBUG;
				SWIFT_OPTIMIZATION_LEVEL = "-Onone";
			};
			name = Debug;
		};
		A8ABD6E8238248AC00FEFDBC /* Release */ = {
			isa = XCBuildConfiguration;
			buildSettings = {
				ALWAYS_SEARCH_USER_PATHS = NO;
				CLANG_ANALYZER_NONNULL = YES;
				CLANG_ANALYZER_NUMBER_OBJECT_CONVERSION = YES_AGGRESSIVE;
				CLANG_CXX_LANGUAGE_STANDARD = "gnu++14";
				CLANG_CXX_LIBRARY = "libc++";
				CLANG_ENABLE_MODULES = YES;
				CLANG_ENABLE_OBJC_ARC = YES;
				CLANG_ENABLE_OBJC_WEAK = YES;
				CLANG_WARN_BLOCK_CAPTURE_AUTORELEASING = YES;
				CLANG_WARN_BOOL_CONVERSION = YES;
				CLANG_WARN_COMMA = YES;
				CLANG_WARN_CONSTANT_CONVERSION = YES;
				CLANG_WARN_DEPRECATED_OBJC_IMPLEMENTATIONS = YES;
				CLANG_WARN_DIRECT_OBJC_ISA_USAGE = YES_ERROR;
				CLANG_WARN_DOCUMENTATION_COMMENTS = YES;
				CLANG_WARN_EMPTY_BODY = YES;
				CLANG_WARN_ENUM_CONVERSION = YES;
				CLANG_WARN_INFINITE_RECURSION = YES;
				CLANG_WARN_INT_CONVERSION = YES;
				CLANG_WARN_NON_LITERAL_NULL_CONVERSION = YES;
				CLANG_WARN_OBJC_IMPLICIT_RETAIN_SELF = YES;
				CLANG_WARN_OBJC_LITERAL_CONVERSION = YES;
				CLANG_WARN_OBJC_ROOT_CLASS = YES_ERROR;
				CLANG_WARN_RANGE_LOOP_ANALYSIS = YES;
				CLANG_WARN_STRICT_PROTOTYPES = YES;
				CLANG_WARN_SUSPICIOUS_MOVE = YES;
				CLANG_WARN_UNGUARDED_AVAILABILITY = YES_AGGRESSIVE;
				CLANG_WARN_UNREACHABLE_CODE = YES;
				CLANG_WARN__DUPLICATE_METHOD_MATCH = YES;
				COPY_PHASE_STRIP = NO;
				DEBUG_INFORMATION_FORMAT = "dwarf-with-dsym";
				ENABLE_NS_ASSERTIONS = NO;
				ENABLE_STRICT_OBJC_MSGSEND = YES;
				GCC_C_LANGUAGE_STANDARD = gnu11;
				GCC_NO_COMMON_BLOCKS = YES;
				GCC_WARN_64_TO_32_BIT_CONVERSION = YES;
				GCC_WARN_ABOUT_RETURN_TYPE = YES_ERROR;
				GCC_WARN_UNDECLARED_SELECTOR = YES;
				GCC_WARN_UNINITIALIZED_AUTOS = YES_AGGRESSIVE;
				GCC_WARN_UNUSED_FUNCTION = YES;
				GCC_WARN_UNUSED_VARIABLE = YES;
				IPHONEOS_DEPLOYMENT_TARGET = 13.1;
				MTL_ENABLE_DEBUG_INFO = NO;
				MTL_FAST_MATH = YES;
				SDKROOT = iphoneos;
				SWIFT_COMPILATION_MODE = wholemodule;
				SWIFT_OPTIMIZATION_LEVEL = "-O";
				VALIDATE_PRODUCT = YES;
			};
			name = Release;
		};
		A8ABD6EA238248AC00FEFDBC /* Debug */ = {
			isa = XCBuildConfiguration;
			baseConfigurationReference = DE44E877DB2EEC19B252809B /* Pods-ios_native_app.debug.xcconfig */;
			buildSettings = {
				ASSETCATALOG_COMPILER_APPICON_NAME = AppIcon;
				CODE_SIGN_STYLE = Automatic;
				INFOPLIST_FILE = ios_native_app/Info.plist;
				IPHONEOS_DEPLOYMENT_TARGET = 10.0;
				LD_RUNPATH_SEARCH_PATHS = (
					"$(inherited)",
					"@executable_path/Frameworks",
				);
				PRODUCT_BUNDLE_IDENTIFIER = "orz.ludy.su.ios-native-app";
				PRODUCT_NAME = "$(TARGET_NAME)";
				SWIFT_VERSION = 5.0;
				TARGETED_DEVICE_FAMILY = "1,2";
			};
			name = Debug;
		};
		A8ABD6EB238248AC00FEFDBC /* Release */ = {
			isa = XCBuildConfiguration;
			baseConfigurationReference = 6C3BFE16DD8B81F0BCDC386E /* Pods-ios_native_app.release.xcconfig */;
			buildSettings = {
				ASSETCATALOG_COMPILER_APPICON_NAME = AppIcon;
				CODE_SIGN_STYLE = Automatic;
				INFOPLIST_FILE = ios_native_app/Info.plist;
				IPHONEOS_DEPLOYMENT_TARGET = 10.0;
				LD_RUNPATH_SEARCH_PATHS = (
					"$(inherited)",
					"@executable_path/Frameworks",
				);
				PRODUCT_BUNDLE_IDENTIFIER = "orz.ludy.su.ios-native-app";
				PRODUCT_NAME = "$(TARGET_NAME)";
				SWIFT_VERSION = 5.0;
				TARGETED_DEVICE_FAMILY = "1,2";
			};
			name = Release;
		};
/* End XCBuildConfiguration section */

/* Begin XCConfigurationList section */
		A8ABD6D0238248AB00FEFDBC /* Build configuration list for PBXProject "ios_native_app" */ = {
			isa = XCConfigurationList;
			buildConfigurations = (
				A8ABD6E7238248AC00FEFDBC /* Debug */,
				A8ABD6E8238248AC00FEFDBC /* Release */,
			);
			defaultConfigurationIsVisible = 0;
			defaultConfigurationName = Release;
		};
		A8ABD6E9238248AC00FEFDBC /* Build configuration list for PBXNativeTarget "ios_native_app" */ = {
			isa = XCConfigurationList;
			buildConfigurations = (
				A8ABD6EA238248AC00FEFDBC /* Debug */,
				A8ABD6EB238248AC00FEFDBC /* Release */,
			);
			defaultConfigurationIsVisible = 0;
			defaultConfigurationName = Release;
		};
/* End XCConfigurationList section */
	};
	rootObject = A8ABD6CD238248AB00FEFDBC /* Project object */;
}
